{
  "lockfileVersion": 1,
  "configVersion": 0,
  "workspaces": {
    "": {
      "name": "opencode-quotas",
      "dependencies": {
        "@ai-sdk/provider": "^3.0.2",
        "@opencode-ai/plugin": "^1.1.3",
      },
      "devDependencies": {
        "@types/node": "^22.0.0",
        "js-yaml": "^4.1.1",
        "typescript": "^5.9.3",
        "yaml": "^2.8.2",
      },
    },
  },
  "packages": {
    "@ai-sdk/provider": ["@ai-sdk/provider@3.0.2", "", { "dependencies": { "json-schema": "^0.4.0" } }, "sha512-HrEmNt/BH/hkQ7zpi2o6N3k1ZR1QTb7z85WYhYygiTxOQuaml4CMtHCWRbric5WPU+RNsYI7r1EpyVQMKO1pYw=="],

    "@opencode-ai/plugin": ["@opencode-ai/plugin@1.1.13", "", { "dependencies": { "@opencode-ai/sdk": "1.1.13", "zod": "4.1.8" } }, "sha512-JcAsVR58EcbrHus9P8zWrhcZPw9BZbP7YYer/hk/mfpBQLLxxBQcBimnRlcRmzhw4fA0sRnwmDBRf45GdANeHQ=="],

    "@opencode-ai/sdk": ["@opencode-ai/sdk@1.1.13", "", {}, "sha512-tZ/mTAHds201ebEWBcpMiqf+MG2Hl1eDpJAcuUo2VZqmWcksdSenhnWNaqU3e/3T5oMuLiAkxXzUi3zQCQONuQ=="],

    "@types/node": ["@types/node@22.19.5", "", { "dependencies": { "undici-types": "~6.21.0" } }, "sha512-HfF8+mYcHPcPypui3w3mvzuIErlNOh2OAG+BCeBZCEwyiD5ls2SiCwEyT47OELtf7M3nHxBdu0FsmzdKxkN52Q=="],

    "argparse": ["argparse@2.0.1", "", {}, "sha512-8+9WqebbFzpX9OR+Wa6O29asIogeRMzcGtAINdpMHHyAg10f05aSFVBbcEqGf/PXw1EjAZ+q2/bEBg3DvurK3Q=="],

    "js-yaml": ["js-yaml@4.1.1", "", { "dependencies": { "argparse": "^2.0.1" }, "bin": { "js-yaml": "bin/js-yaml.js" } }, "sha512-qQKT4zQxXl8lLwBtHMWwaTcGfFOZviOJet3Oy/xmGk2gZH677CJM9EvtfdSkgWcATZhj/55JZ0rmy3myCT5lsA=="],

    "json-schema": ["json-schema@0.4.0", "", {}, "sha512-es94M3nTIfsEPisRafak+HDLfHXnKBhV3vU5eqPcS3flIWqcxJWgXHXiey3YrpaNsanY5ei1VoYEbOzijuq9BA=="],

    "typescript": ["typescript@5.9.3", "", { "bin": { "tsc": "bin/tsc", "tsserver": "bin/tsserver" } }, "sha512-jl1vZzPDinLr9eUt3J/t7V6FgNEw9QjvBPdysz9KfQDD41fQrC2Y4vKQdiaUpFT4bXlb1RHhLpp8wtm6M5TgSw=="],

    "undici-types": ["undici-types@6.21.0", "", {}, "sha512-iwDZqg0QAGrg9Rav5H4n0M64c3mkR59cJ6wQp+7C4nI0gsmExaedaYLNO44eT4AtBBwjbTiGPMlt2Md0T9H9JQ=="],

    "yaml": ["yaml@2.8.2", "", { "bin": { "yaml": "bin.mjs" } }, "sha512-mplynKqc1C2hTVYxd0PU2xQAc22TI1vShAYGksCCfxbn/dFwnHTNi1bvYsBTkhdUNtGIf5xNOg938rrSSYvS9A=="],

    "zod": ["zod@4.1.8", "", {}, "sha512-5R1P+WwQqmmMIEACyzSvo4JXHY5WiAFHRMg+zBZKgKS+Q1viRa0C1hmUKtHltoIFKtIdki3pRxkmpP74jnNYHQ=="],
  }
}
